
Microsoft Visual Studio Solution File, Format Version 12.00
# Visual Studio Version 17
VisualStudioVersion = 17.13.35806.99 d17.13
MinimumVisualStudioVersion = 10.0.40219.1
Project("{FAE04EC0-301F-11D3-BF4B-00C04F79EFBC}") = "lab1math", "lab1math.csproj", "{F2C61E15-7120-4515-8803-93D63D40CC40}"
EndProject
Global
	GlobalSection(SolutionConfigurationPlatforms) = preSolution
		Debug|Any CPU = Debug|Any CPU
		Release|Any CPU = Release|Any CPU
	EndGlobalSection
	GlobalSection(ProjectConfigurationPlatforms) = postSolution
		{F2C61E15-7120-4515-8803-93D63D40CC40}.Debug|Any CPU.ActiveCfg = Debug|Any CPU
		{F2C61E15-7120-4515-8803-93D63D40CC40}.Debug|Any CPU.Build.0 = Debug|Any CPU
		{F2C61E15-7120-4515-8803-93D63D40CC40}.Release|Any CPU.ActiveCfg = Release|Any CPU
		{F2C61E15-7120-4515-8803-93D63D40CC40}.Release|Any CPU.Build.0 = Release|Any CPU
	EndGlobalSection
	GlobalSection(SolutionProperties) = preSolution
		HideSolutionNode = FALSE
	EndGlobalSection
	GlobalSection(ExtensibilityGlobals) = postSolution
		SolutionGuid = {ACC37423-B3FF-49A2-9FC9-2734AEEB7659}
	EndGlobalSection
EndGlobal
